
Microsoft Visual Studio Solution File, Format Version 12.00
# Visual Studio Version 16
VisualStudioVersion = 16.0.31702.278
MinimumVisualStudioVersion = 10.0.40219.1
Project("{FAE04EC0-301F-11D3-BF4B-00C04F79EFBC}") = "FilmBot", "FilmBot\FilmBot.csproj", "{EA7AFAA2-F64E-4CC3-9F54-792D5CA9A0D4}"
EndProject
Global
	GlobalSection(SolutionConfigurationPlatforms) = preSolution
		Debug|Any CPU = Debug|Any CPU
		Release|Any CPU = Release|Any CPU
	EndGlobalSection
	GlobalSection(ProjectConfigurationPlatforms) = postSolution
		{EA7AFAA2-F64E-4CC3-9F54-792D5CA9A0D4}.Debug|Any CPU.ActiveCfg = Debug|Any CPU
		{EA7AFAA2-F64E-4CC3-9F54-792D5CA9A0D4}.Debug|Any CPU.Build.0 = Debug|Any CPU
		{EA7AFAA2-F64E-4CC3-9F54-792D5CA9A0D4}.Release|Any CPU.ActiveCfg = Release|Any CPU
		{EA7AFAA2-F64E-4CC3-9F54-792D5CA9A0D4}.Release|Any CPU.Build.0 = Release|Any CPU
	EndGlobalSection
	GlobalSection(SolutionProperties) = preSolution
		HideSolutionNode = FALSE
	EndGlobalSection
	GlobalSection(ExtensibilityGlobals) = postSolution
		SolutionGuid = {472859CA-FE41-442C-9DDF-2900B4E3A482}
	EndGlobalSection
EndGlobal
